
Microsoft Visual Studio Solution File, Format Version 12.00
# Visual Studio Version 17
VisualStudioVersion = 17.3.32922.545
MinimumVisualStudioVersion = 10.0.40219.1
Project("{FAE04EC0-301F-11D3-BF4B-00C04F79EFBC}") = "EmpleaWeb", "EmpleaWeb\EmpleaWeb.csproj", "{6271E314-573D-4E37-8794-2AC4C2343E4B}"
EndProject
Global
	GlobalSection(SolutionConfigurationPlatforms) = preSolution
		Debug|Any CPU = Debug|Any CPU
		Release|Any CPU = Release|Any CPU
	EndGlobalSection
	GlobalSection(ProjectConfigurationPlatforms) = postSolution
		{6271E314-573D-4E37-8794-2AC4C2343E4B}.Debug|Any CPU.ActiveCfg = Debug|Any CPU
		{6271E314-573D-4E37-8794-2AC4C2343E4B}.Debug|Any CPU.Build.0 = Debug|Any CPU
		{6271E314-573D-4E37-8794-2AC4C2343E4B}.Release|Any CPU.ActiveCfg = Release|Any CPU
		{6271E314-573D-4E37-8794-2AC4C2343E4B}.Release|Any CPU.Build.0 = Release|Any CPU
	EndGlobalSection
	GlobalSection(SolutionProperties) = preSolution
		HideSolutionNode = FALSE
	EndGlobalSection
	GlobalSection(ExtensibilityGlobals) = postSolution
		SolutionGuid = {130B65A7-7C9A-4B14-81D0-F61744AE922A}
	EndGlobalSection
EndGlobal
